
Microsoft Visual Studio Solution File, Format Version 12.00
# Visual Studio Version 16
VisualStudioVersion = 16.0.30011.22
MinimumVisualStudioVersion = 10.0.40219.1
Project("{FAE04EC0-301F-11D3-BF4B-00C04F79EFBC}") = "FAS", "FAS\FAS.csproj", "{9EB6B0D4-DFDF-4009-8827-EB22D5D84CFE}"
EndProject
Global
	GlobalSection(SolutionConfigurationPlatforms) = preSolution
		Debug|Any CPU = Debug|Any CPU
		Release|Any CPU = Release|Any CPU
	EndGlobalSection
	GlobalSection(ProjectConfigurationPlatforms) = postSolution
		{9EB6B0D4-DFDF-4009-8827-EB22D5D84CFE}.Debug|Any CPU.ActiveCfg = Debug|Any CPU
		{9EB6B0D4-DFDF-4009-8827-EB22D5D84CFE}.Debug|Any CPU.Build.0 = Debug|Any CPU
		{9EB6B0D4-DFDF-4009-8827-EB22D5D84CFE}.Release|Any CPU.ActiveCfg = Release|Any CPU
		{9EB6B0D4-DFDF-4009-8827-EB22D5D84CFE}.Release|Any CPU.Build.0 = Release|Any CPU
	EndGlobalSection
	GlobalSection(SolutionProperties) = preSolution
		HideSolutionNode = FALSE
	EndGlobalSection
	GlobalSection(ExtensibilityGlobals) = postSolution
		SolutionGuid = {338A50AC-F96F-4A6C-8F05-2A0A2EEFB8F4}
	EndGlobalSection
EndGlobal
